{
    "name": "omegga-behind-you",
    "version": "0.0.1",
    "lockfileVersion": 1,
    "requires": true,
    "dependencies": {
        "brs-js": {
            "version": "1.4.1",
            "resolved": "https://registry.npmjs.org/brs-js/-/brs-js-1.4.1.tgz",
            "integrity": "sha512-A2j8poHR7sjqOdiDZld2ntfUA2B4ftfwSn+TyOVgHJca+Ac3FIdiFEj1ZsXpgYyiPzjWzVPtvbsZrsJ/Dpzrvg==",
            "requires": {
                "detect-node": "^2.0.4",
                "lodash": "^4.17.19",
                "pako": "^1.0.10",
                "punycode": "^2.1.1"
            }
        },
        "detect-node": {
            "version": "2.0.4",
            "resolved": "https://registry.npmjs.org/detect-node/-/detect-node-2.0.4.tgz",
            "integrity": "sha512-ZIzRpLJrOj7jjP2miAtgqIfmzbxa4ZOr5jJc601zklsfEx9oTzmmj2nVpIPRpNlRTIh8lc1kyViIY7BWSGNmKw=="
        },
        "lodash": {
            "version": "4.17.21",
            "resolved": "https://registry.npmjs.org/lodash/-/lodash-4.17.21.tgz",
            "integrity": "sha512-v2kDEe57lecTulaDIuNTPy3Ry4gLGJ6Z1O3vE1krgXZNrsQ+LFTGHVxVjcXPs17LhbZVGedAJv8XZ1tvj5FvSg=="
        },
        "pako": {
            "version": "1.0.11",
            "resolved": "https://registry.npmjs.org/pako/-/pako-1.0.11.tgz",
            "integrity": "sha512-4hLB8Py4zZce5s4yd9XzopqwVv/yGNhV1Bl8NTmCq1763HeK2+EwVTv+leGeL13Dnh2wfbqowVPXCIO0z4taYw=="
        },
        "punycode": {
            "version": "2.1.1",
            "resolved": "https://registry.npmjs.org/punycode/-/punycode-2.1.1.tgz",
            "integrity": "sha512-XRsRjdf+j5ml+y/6GKHPZbrF/8p2Yga0JPtdqTIY2Xe5ohJPD9saDJJLPvp9+NSBprVvevdXZybnj2cv8OEd0A=="
        }
    }
}
